
Microsoft Visual Studio Solution File, Format Version 12.00
# Visual Studio Version 17
VisualStudioVersion = 17.1.32421.90
MinimumVisualStudioVersion = 10.0.40219.1
Project("{2150E333-8FDC-42A3-9474-1A3956D46DE8}") = "src", "src", "{12F3A075-5B47-4723-89B6-D623A8F2979A}"
EndProject
Project("{9A19103F-16F7-4668-BE54-9A1E7A4F7556}") = "NSwagSchema.Extensions", "src\NSwagSchema.Extensions\NSwagSchema.Extensions.csproj", "{98E65B90-030A-4EFC-B20C-8AB2CC1F5497}"
EndProject
Global
	GlobalSection(SolutionConfigurationPlatforms) = preSolution
		Debug|Any CPU = Debug|Any CPU
		Release|Any CPU = Release|Any CPU
	EndGlobalSection
	GlobalSection(ProjectConfigurationPlatforms) = postSolution
		{98E65B90-030A-4EFC-B20C-8AB2CC1F5497}.Debug|Any CPU.ActiveCfg = Debug|Any CPU
		{98E65B90-030A-4EFC-B20C-8AB2CC1F5497}.Debug|Any CPU.Build.0 = Debug|Any CPU
		{98E65B90-030A-4EFC-B20C-8AB2CC1F5497}.Release|Any CPU.ActiveCfg = Release|Any CPU
		{98E65B90-030A-4EFC-B20C-8AB2CC1F5497}.Release|Any CPU.Build.0 = Release|Any CPU
	EndGlobalSection
	GlobalSection(SolutionProperties) = preSolution
		HideSolutionNode = FALSE
	EndGlobalSection
	GlobalSection(NestedProjects) = preSolution
		{98E65B90-030A-4EFC-B20C-8AB2CC1F5497} = {12F3A075-5B47-4723-89B6-D623A8F2979A}
	EndGlobalSection
	GlobalSection(ExtensibilityGlobals) = postSolution
		SolutionGuid = {FB87944C-C1E5-4ED7-A230-E5ABC6834115}
	EndGlobalSection
EndGlobal
